
Microsoft Visual Studio Solution File, Format Version 12.00
# Visual Studio 14
VisualStudioVersion = 14.0.25420.1
MinimumVisualStudioVersion = 10.0.40219.1
Project("{FAE04EC0-301F-11D3-BF4B-00C04F79EFBC}") = "PrintStuff", "PrintStuff\PrintStuff.csproj", "{EE4A6247-6B1D-4FE9-B2DB-0573D8AA9783}"
EndProject
Project("{FAE04EC0-301F-11D3-BF4B-00C04F79EFBC}") = "TestStuff", "TestStuff\TestStuff.csproj", "{99B35F93-1797-4B43-B095-A35DCDF39EA5}"
EndProject
Project("{2150E333-8FDC-42A3-9474-1A3956D46DE8}") = "bins", "bins", "{4CA5DED0-FE89-4D79-ABE8-DEEE09810A83}"
	ProjectSection(SolutionItems) = preProject
		bins\DataSource.dll = bins\DataSource.dll
		bins\DataSource.pdb = bins\DataSource.pdb
	EndProjectSection
EndProject
Global
	GlobalSection(SolutionConfigurationPlatforms) = preSolution
		Debug|Any CPU = Debug|Any CPU
		Release|Any CPU = Release|Any CPU
	EndGlobalSection
	GlobalSection(ProjectConfigurationPlatforms) = postSolution
		{EE4A6247-6B1D-4FE9-B2DB-0573D8AA9783}.Debug|Any CPU.ActiveCfg = Debug|Any CPU
		{EE4A6247-6B1D-4FE9-B2DB-0573D8AA9783}.Debug|Any CPU.Build.0 = Debug|Any CPU
		{EE4A6247-6B1D-4FE9-B2DB-0573D8AA9783}.Release|Any CPU.ActiveCfg = Release|Any CPU
		{EE4A6247-6B1D-4FE9-B2DB-0573D8AA9783}.Release|Any CPU.Build.0 = Release|Any CPU
		{99B35F93-1797-4B43-B095-A35DCDF39EA5}.Debug|Any CPU.ActiveCfg = Debug|Any CPU
		{99B35F93-1797-4B43-B095-A35DCDF39EA5}.Debug|Any CPU.Build.0 = Debug|Any CPU
		{99B35F93-1797-4B43-B095-A35DCDF39EA5}.Release|Any CPU.ActiveCfg = Release|Any CPU
		{99B35F93-1797-4B43-B095-A35DCDF39EA5}.Release|Any CPU.Build.0 = Release|Any CPU
	EndGlobalSection
	GlobalSection(SolutionProperties) = preSolution
		HideSolutionNode = FALSE
	EndGlobalSection
EndGlobal
